
Microsoft Visual Studio Solution File, Format Version 12.00
# Visual Studio Version 17
VisualStudioVersion = 17.7.34202.233
MinimumVisualStudioVersion = 10.0.40219.1
Project("{FAE04EC0-301F-11D3-BF4B-00C04F79EFBC}") = "Traning.ChatUp.App.Backend", "Traning.ChatUp.App.Backend\Traning.ChatUp.App.Backend.csproj", "{5872DDDC-3E9E-4ADC-A1DE-2768E272DACF}"
EndProject
Project("{FAE04EC0-301F-11D3-BF4B-00C04F79EFBC}") = "Training.ChatUp.Api", "Training.ChatUp.Api\Training.ChatUp.Api.csproj", "{B3619AF3-DCF3-4538-9D75-B551FCEAF405}"
EndProject
Global
	GlobalSection(SolutionConfigurationPlatforms) = preSolution
		Debug|Any CPU = Debug|Any CPU
		Release|Any CPU = Release|Any CPU
	EndGlobalSection
	GlobalSection(ProjectConfigurationPlatforms) = postSolution
		{5872DDDC-3E9E-4ADC-A1DE-2768E272DACF}.Debug|Any CPU.ActiveCfg = Debug|Any CPU
		{5872DDDC-3E9E-4ADC-A1DE-2768E272DACF}.Debug|Any CPU.Build.0 = Debug|Any CPU
		{5872DDDC-3E9E-4ADC-A1DE-2768E272DACF}.Release|Any CPU.ActiveCfg = Release|Any CPU
		{5872DDDC-3E9E-4ADC-A1DE-2768E272DACF}.Release|Any CPU.Build.0 = Release|Any CPU
		{B3619AF3-DCF3-4538-9D75-B551FCEAF405}.Debug|Any CPU.ActiveCfg = Debug|Any CPU
		{B3619AF3-DCF3-4538-9D75-B551FCEAF405}.Debug|Any CPU.Build.0 = Debug|Any CPU
		{B3619AF3-DCF3-4538-9D75-B551FCEAF405}.Release|Any CPU.ActiveCfg = Release|Any CPU
		{B3619AF3-DCF3-4538-9D75-B551FCEAF405}.Release|Any CPU.Build.0 = Release|Any CPU
	EndGlobalSection
	GlobalSection(SolutionProperties) = preSolution
		HideSolutionNode = FALSE
	EndGlobalSection
	GlobalSection(ExtensibilityGlobals) = postSolution
		SolutionGuid = {309829C1-D71D-4920-A9F5-B1FCB197625B}
	EndGlobalSection
EndGlobal
